
Microsoft Visual Studio Solution File, Format Version 12.00
# Visual Studio Version 17
VisualStudioVersion = 17.0.31919.166
MinimumVisualStudioVersion = 10.0.40219.1
Project("{2150E333-8FDC-42A3-9474-1A3956D46DE8}") = "1 - API", "1 - API", "{FC98AFA1-0EF8-44F3-B503-C2C7F3EB1212}"
EndProject
Project("{2150E333-8FDC-42A3-9474-1A3956D46DE8}") = "2 - Services", "2 - Services", "{949B8155-314E-40A7-842F-9F3919684FFA}"
EndProject
Project("{2150E333-8FDC-42A3-9474-1A3956D46DE8}") = "3 - Infra", "3 - Infra", "{B4E85C99-5010-471C-BF7E-22CBDCBE1B3B}"
EndProject
Project("{9A19103F-16F7-4668-BE54-9A1E7A4F7556}") = "GenericCrud.Api.Controller", "GenericCrud.Api.Controller\GenericCrud.Api.Controller.csproj", "{441DFC64-16D7-4700-8FA5-6A57C185720D}"
EndProject
Project("{9A19103F-16F7-4668-BE54-9A1E7A4F7556}") = "GenericCrud.Services", "GenericCrud.Services\GenericCrud.Services.csproj", "{EDB10504-198A-45E0-A4DA-3D5C7F6987F5}"
EndProject
Project("{9A19103F-16F7-4668-BE54-9A1E7A4F7556}") = "GenericCrud.Services.Interfaces", "GenericCrud.Services.Interfaces\GenericCrud.Services.Interfaces.csproj", "{4F27F784-51FD-4AAF-BE2F-39DB51C8E330}"
EndProject
Project("{9A19103F-16F7-4668-BE54-9A1E7A4F7556}") = "GenericCrud.Infra.Fake", "GenericCrud.Infra.Fake\GenericCrud.Infra.Fake.csproj", "{65C66D2B-288C-474D-9A03-AFC19695D8B8}"
EndProject
Project("{9A19103F-16F7-4668-BE54-9A1E7A4F7556}") = "GenericCrud.Infra.Sql", "GenericCrud.Infra.Sql\GenericCrud.Infra.Sql.csproj", "{6D2CF858-BC40-434F-B040-07554D79D14C}"
EndProject
Project("{9A19103F-16F7-4668-BE54-9A1E7A4F7556}") = "GenericCrud.Infra.Interfaces", "GenericCrud.Infra.Interfaces\GenericCrud.Infra.Interfaces.csproj", "{E2956360-592A-4EE1-8056-066BB684E84B}"
EndProject
Project("{9A19103F-16F7-4668-BE54-9A1E7A4F7556}") = "GenericCrud.Services.Dtos", "GenericCrud.Services.Dtos\GenericCrud.Services.Dtos.csproj", "{1E448575-F61B-419B-B2B3-3E4A65A706E0}"
EndProject
Project("{9A19103F-16F7-4668-BE54-9A1E7A4F7556}") = "GenericCrud.Infra.Dtos", "GenericCrud.Infra.Dtos\GenericCrud.Infra.Dtos.csproj", "{F4E1EA83-81EE-400B-8E07-6014CAFD23F5}"
EndProject
Project("{2150E333-8FDC-42A3-9474-1A3956D46DE8}") = "9 - Sample", "9 - Sample", "{0DEABE4F-D67A-4915-B9B5-60BF04C22FE7}"
EndProject
Project("{9A19103F-16F7-4668-BE54-9A1E7A4F7556}") = "Sample.Api", "Sample.api\Sample.Api.csproj", "{8B0421B5-4460-4ACC-89D2-D3A3203183DE}"
EndProject
Project("{9A19103F-16F7-4668-BE54-9A1E7A4F7556}") = "Sample.Services", "Sample.Services\Sample.Services.csproj", "{3178F54F-3C5E-44E5-8664-1E029932170E}"
EndProject
Project("{9A19103F-16F7-4668-BE54-9A1E7A4F7556}") = "Sample.Services.Dtos", "Sample.Services.Dtos\Sample.Services.Dtos.csproj", "{C5692FEB-0A08-45AC-BBDD-99CD216F41D7}"
EndProject
Project("{9A19103F-16F7-4668-BE54-9A1E7A4F7556}") = "Sample.Infra.Fake", "Sample.Repository.Fake\Sample.Infra.Fake.csproj", "{8ACDE13D-F45A-417D-B86C-845A448010CB}"
EndProject
Project("{9A19103F-16F7-4668-BE54-9A1E7A4F7556}") = "Sample.Infra.Dtos", "Sample.Infra.Dtos\Sample.Infra.Dtos.csproj", "{3FFF6394-0DDD-461A-ACDF-4EECEF18B79E}"
EndProject
Project("{9A19103F-16F7-4668-BE54-9A1E7A4F7556}") = "GenericCrud.Api.Controller.Tests", "GenericCrud.Api.Controller.Tests\GenericCrud.Api.Controller.Tests.csproj", "{E83C5A7A-8E03-4E5E-A634-51C306462BE4}"
EndProject
Project("{FAE04EC0-301F-11D3-BF4B-00C04F79EFBC}") = "Sample.Api.Tests", "Sample.Api.Tests\Sample.Api.Tests.csproj", "{1755EEA5-A509-42DD-80AF-E9E21BF62492}"
EndProject
Global
	GlobalSection(SolutionConfigurationPlatforms) = preSolution
		Debug|Any CPU = Debug|Any CPU
		Release|Any CPU = Release|Any CPU
	EndGlobalSection
	GlobalSection(ProjectConfigurationPlatforms) = postSolution
		{441DFC64-16D7-4700-8FA5-6A57C185720D}.Debug|Any CPU.ActiveCfg = Debug|Any CPU
		{441DFC64-16D7-4700-8FA5-6A57C185720D}.Debug|Any CPU.Build.0 = Debug|Any CPU
		{441DFC64-16D7-4700-8FA5-6A57C185720D}.Release|Any CPU.ActiveCfg = Release|Any CPU
		{441DFC64-16D7-4700-8FA5-6A57C185720D}.Release|Any CPU.Build.0 = Release|Any CPU
		{EDB10504-198A-45E0-A4DA-3D5C7F6987F5}.Debug|Any CPU.ActiveCfg = Debug|Any CPU
		{EDB10504-198A-45E0-A4DA-3D5C7F6987F5}.Debug|Any CPU.Build.0 = Debug|Any CPU
		{EDB10504-198A-45E0-A4DA-3D5C7F6987F5}.Release|Any CPU.ActiveCfg = Release|Any CPU
		{EDB10504-198A-45E0-A4DA-3D5C7F6987F5}.Release|Any CPU.Build.0 = Release|Any CPU
		{4F27F784-51FD-4AAF-BE2F-39DB51C8E330}.Debug|Any CPU.ActiveCfg = Debug|Any CPU
		{4F27F784-51FD-4AAF-BE2F-39DB51C8E330}.Debug|Any CPU.Build.0 = Debug|Any CPU
		{4F27F784-51FD-4AAF-BE2F-39DB51C8E330}.Release|Any CPU.ActiveCfg = Release|Any CPU
		{4F27F784-51FD-4AAF-BE2F-39DB51C8E330}.Release|Any CPU.Build.0 = Release|Any CPU
		{65C66D2B-288C-474D-9A03-AFC19695D8B8}.Debug|Any CPU.ActiveCfg = Debug|Any CPU
		{65C66D2B-288C-474D-9A03-AFC19695D8B8}.Debug|Any CPU.Build.0 = Debug|Any CPU
		{65C66D2B-288C-474D-9A03-AFC19695D8B8}.Release|Any CPU.ActiveCfg = Release|Any CPU
		{65C66D2B-288C-474D-9A03-AFC19695D8B8}.Release|Any CPU.Build.0 = Release|Any CPU
		{6D2CF858-BC40-434F-B040-07554D79D14C}.Debug|Any CPU.ActiveCfg = Debug|Any CPU
		{6D2CF858-BC40-434F-B040-07554D79D14C}.Debug|Any CPU.Build.0 = Debug|Any CPU
		{6D2CF858-BC40-434F-B040-07554D79D14C}.Release|Any CPU.ActiveCfg = Release|Any CPU
		{6D2CF858-BC40-434F-B040-07554D79D14C}.Release|Any CPU.Build.0 = Release|Any CPU
		{E2956360-592A-4EE1-8056-066BB684E84B}.Debug|Any CPU.ActiveCfg = Debug|Any CPU
		{E2956360-592A-4EE1-8056-066BB684E84B}.Debug|Any CPU.Build.0 = Debug|Any CPU
		{E2956360-592A-4EE1-8056-066BB684E84B}.Release|Any CPU.ActiveCfg = Release|Any CPU
		{E2956360-592A-4EE1-8056-066BB684E84B}.Release|Any CPU.Build.0 = Release|Any CPU
		{1E448575-F61B-419B-B2B3-3E4A65A706E0}.Debug|Any CPU.ActiveCfg = Debug|Any CPU
		{1E448575-F61B-419B-B2B3-3E4A65A706E0}.Debug|Any CPU.Build.0 = Debug|Any CPU
		{1E448575-F61B-419B-B2B3-3E4A65A706E0}.Release|Any CPU.ActiveCfg = Release|Any CPU
		{1E448575-F61B-419B-B2B3-3E4A65A706E0}.Release|Any CPU.Build.0 = Release|Any CPU
		{F4E1EA83-81EE-400B-8E07-6014CAFD23F5}.Debug|Any CPU.ActiveCfg = Debug|Any CPU
		{F4E1EA83-81EE-400B-8E07-6014CAFD23F5}.Debug|Any CPU.Build.0 = Debug|Any CPU
		{F4E1EA83-81EE-400B-8E07-6014CAFD23F5}.Release|Any CPU.ActiveCfg = Release|Any CPU
		{F4E1EA83-81EE-400B-8E07-6014CAFD23F5}.Release|Any CPU.Build.0 = Release|Any CPU
		{8B0421B5-4460-4ACC-89D2-D3A3203183DE}.Debug|Any CPU.ActiveCfg = Debug|Any CPU
		{8B0421B5-4460-4ACC-89D2-D3A3203183DE}.Debug|Any CPU.Build.0 = Debug|Any CPU
		{8B0421B5-4460-4ACC-89D2-D3A3203183DE}.Release|Any CPU.ActiveCfg = Release|Any CPU
		{8B0421B5-4460-4ACC-89D2-D3A3203183DE}.Release|Any CPU.Build.0 = Release|Any CPU
		{3178F54F-3C5E-44E5-8664-1E029932170E}.Debug|Any CPU.ActiveCfg = Debug|Any CPU
		{3178F54F-3C5E-44E5-8664-1E029932170E}.Debug|Any CPU.Build.0 = Debug|Any CPU
		{3178F54F-3C5E-44E5-8664-1E029932170E}.Release|Any CPU.ActiveCfg = Release|Any CPU
		{3178F54F-3C5E-44E5-8664-1E029932170E}.Release|Any CPU.Build.0 = Release|Any CPU
		{C5692FEB-0A08-45AC-BBDD-99CD216F41D7}.Debug|Any CPU.ActiveCfg = Debug|Any CPU
		{C5692FEB-0A08-45AC-BBDD-99CD216F41D7}.Debug|Any CPU.Build.0 = Debug|Any CPU
		{C5692FEB-0A08-45AC-BBDD-99CD216F41D7}.Release|Any CPU.ActiveCfg = Release|Any CPU
		{C5692FEB-0A08-45AC-BBDD-99CD216F41D7}.Release|Any CPU.Build.0 = Release|Any CPU
		{8ACDE13D-F45A-417D-B86C-845A448010CB}.Debug|Any CPU.ActiveCfg = Debug|Any CPU
		{8ACDE13D-F45A-417D-B86C-845A448010CB}.Debug|Any CPU.Build.0 = Debug|Any CPU
		{8ACDE13D-F45A-417D-B86C-845A448010CB}.Release|Any CPU.ActiveCfg = Release|Any CPU
		{8ACDE13D-F45A-417D-B86C-845A448010CB}.Release|Any CPU.Build.0 = Release|Any CPU
		{3FFF6394-0DDD-461A-ACDF-4EECEF18B79E}.Debug|Any CPU.ActiveCfg = Debug|Any CPU
		{3FFF6394-0DDD-461A-ACDF-4EECEF18B79E}.Debug|Any CPU.Build.0 = Debug|Any CPU
		{3FFF6394-0DDD-461A-ACDF-4EECEF18B79E}.Release|Any CPU.ActiveCfg = Release|Any CPU
		{3FFF6394-0DDD-461A-ACDF-4EECEF18B79E}.Release|Any CPU.Build.0 = Release|Any CPU
		{E83C5A7A-8E03-4E5E-A634-51C306462BE4}.Debug|Any CPU.ActiveCfg = Debug|Any CPU
		{E83C5A7A-8E03-4E5E-A634-51C306462BE4}.Debug|Any CPU.Build.0 = Debug|Any CPU
		{E83C5A7A-8E03-4E5E-A634-51C306462BE4}.Release|Any CPU.ActiveCfg = Release|Any CPU
		{E83C5A7A-8E03-4E5E-A634-51C306462BE4}.Release|Any CPU.Build.0 = Release|Any CPU
		{1755EEA5-A509-42DD-80AF-E9E21BF62492}.Debug|Any CPU.ActiveCfg = Debug|Any CPU
		{1755EEA5-A509-42DD-80AF-E9E21BF62492}.Debug|Any CPU.Build.0 = Debug|Any CPU
		{1755EEA5-A509-42DD-80AF-E9E21BF62492}.Release|Any CPU.ActiveCfg = Release|Any CPU
		{1755EEA5-A509-42DD-80AF-E9E21BF62492}.Release|Any CPU.Build.0 = Release|Any CPU
	EndGlobalSection
	GlobalSection(SolutionProperties) = preSolution
		HideSolutionNode = FALSE
	EndGlobalSection
	GlobalSection(NestedProjects) = preSolution
		{441DFC64-16D7-4700-8FA5-6A57C185720D} = {FC98AFA1-0EF8-44F3-B503-C2C7F3EB1212}
		{EDB10504-198A-45E0-A4DA-3D5C7F6987F5} = {949B8155-314E-40A7-842F-9F3919684FFA}
		{4F27F784-51FD-4AAF-BE2F-39DB51C8E330} = {949B8155-314E-40A7-842F-9F3919684FFA}
		{65C66D2B-288C-474D-9A03-AFC19695D8B8} = {B4E85C99-5010-471C-BF7E-22CBDCBE1B3B}
		{6D2CF858-BC40-434F-B040-07554D79D14C} = {B4E85C99-5010-471C-BF7E-22CBDCBE1B3B}
		{E2956360-592A-4EE1-8056-066BB684E84B} = {B4E85C99-5010-471C-BF7E-22CBDCBE1B3B}
		{1E448575-F61B-419B-B2B3-3E4A65A706E0} = {949B8155-314E-40A7-842F-9F3919684FFA}
		{F4E1EA83-81EE-400B-8E07-6014CAFD23F5} = {B4E85C99-5010-471C-BF7E-22CBDCBE1B3B}
		{8B0421B5-4460-4ACC-89D2-D3A3203183DE} = {0DEABE4F-D67A-4915-B9B5-60BF04C22FE7}
		{3178F54F-3C5E-44E5-8664-1E029932170E} = {0DEABE4F-D67A-4915-B9B5-60BF04C22FE7}
		{C5692FEB-0A08-45AC-BBDD-99CD216F41D7} = {0DEABE4F-D67A-4915-B9B5-60BF04C22FE7}
		{8ACDE13D-F45A-417D-B86C-845A448010CB} = {0DEABE4F-D67A-4915-B9B5-60BF04C22FE7}
		{3FFF6394-0DDD-461A-ACDF-4EECEF18B79E} = {0DEABE4F-D67A-4915-B9B5-60BF04C22FE7}
		{E83C5A7A-8E03-4E5E-A634-51C306462BE4} = {FC98AFA1-0EF8-44F3-B503-C2C7F3EB1212}
		{1755EEA5-A509-42DD-80AF-E9E21BF62492} = {0DEABE4F-D67A-4915-B9B5-60BF04C22FE7}
	EndGlobalSection
	GlobalSection(ExtensibilityGlobals) = postSolution
		SolutionGuid = {25EEE14A-CA94-48EB-BBFB-76A02731C2BD}
	EndGlobalSection
EndGlobal
